
Microsoft Visual Studio Solution File, Format Version 12.00
# Visual Studio Version 17
VisualStudioVersion = 17.6.33723.286
MinimumVisualStudioVersion = 10.0.40219.1
Project("{2150E333-8FDC-42A3-9474-1A3956D46DE8}") = "Task7", "Task7", "{51C4D1F8-710B-465C-984E-DD2BAD1D04E6}"
EndProject
Project("{FAE04EC0-301F-11D3-BF4B-00C04F79EFBC}") = "EntityFrameworkApp", "Task7\EntityFrameworkApp\EntityFrameworkApp.csproj", "{F0083524-F4E0-488F-A515-C20A290962DD}"
EndProject
Project("{2150E333-8FDC-42A3-9474-1A3956D46DE8}") = "Task8", "Task8", "{D9C8F845-9115-4234-BBFE-966643D5B260}"
EndProject
Project("{FAE04EC0-301F-11D3-BF4B-00C04F79EFBC}") = "CountriesRESTAPI", "Task8\CountriesRESTAPI\CountriesRESTAPI.csproj", "{ABBFF8B2-E3FE-4A0C-B527-5F64DAA5E36F}"
EndProject
Project("{2150E333-8FDC-42A3-9474-1A3956D46DE8}") = "Task1", "Task1", "{5782C075-E085-419E-806A-0F1ACCA2189A}"
EndProject
Project("{FAE04EC0-301F-11D3-BF4B-00C04F79EFBC}") = "Task1", "Task1\Task1\Task1.csproj", "{50A3AE1A-E17B-4969-8457-355D6EC38702}"
EndProject
Project("{2150E333-8FDC-42A3-9474-1A3956D46DE8}") = "Task2", "Task2", "{7671AA3D-8237-4E8C-9729-7A62622E850F}"
EndProject
Project("{FAE04EC0-301F-11D3-BF4B-00C04F79EFBC}") = "Task2", "Task2\Task2\Task2.csproj", "{B89AAF60-B0EE-4E58-B8FF-0E29ECF633B6}"
EndProject
Project("{2150E333-8FDC-42A3-9474-1A3956D46DE8}") = "Task3", "Task3", "{FC736153-1294-4B66-9362-706BE3D211CF}"
EndProject
Project("{FAE04EC0-301F-11D3-BF4B-00C04F79EFBC}") = "Task3", "Task3\Task3\Task3.csproj", "{055F256D-DA9E-4892-A45D-FE417D5C7688}"
EndProject
Project("{2150E333-8FDC-42A3-9474-1A3956D46DE8}") = "Task4", "Task4", "{2355538E-5270-4772-B518-370F3AE1285E}"
EndProject
Project("{FAE04EC0-301F-11D3-BF4B-00C04F79EFBC}") = "Task4", "Task4\Task4\Task4.csproj", "{3B5C02F5-B84D-418B-8010-AF01F4B2C375}"
EndProject
Project("{2150E333-8FDC-42A3-9474-1A3956D46DE8}") = "Task5", "Task5", "{5D6E2CF3-5D66-4C34-9078-A80277042AC2}"
EndProject
Project("{FAE04EC0-301F-11D3-BF4B-00C04F79EFBC}") = "Task5", "Task5\Task5\Task5.csproj", "{78212142-D025-474A-9585-B7993B74D998}"
EndProject
Project("{2150E333-8FDC-42A3-9474-1A3956D46DE8}") = "Task6", "Task6", "{5B8819DB-1A5F-4586-987E-491A5909F051}"
	ProjectSection(SolutionItems) = preProject
		Task6.sql = Task6.sql
	EndProjectSection
EndProject
Project("{2150E333-8FDC-42A3-9474-1A3956D46DE8}") = "Task9", "Task9", "{D8B366F7-6921-4FF1-8A44-403846484AB6}"
EndProject
Project("{FAE04EC0-301F-11D3-BF4B-00C04F79EFBC}") = "Task9", "Task9\Task9\Task9.csproj", "{7F5F153F-7132-4423-BA8A-D75739BED9C2}"
EndProject
Global
	GlobalSection(SolutionConfigurationPlatforms) = preSolution
		Debug|Any CPU = Debug|Any CPU
		Release|Any CPU = Release|Any CPU
	EndGlobalSection
	GlobalSection(ProjectConfigurationPlatforms) = postSolution
		{F0083524-F4E0-488F-A515-C20A290962DD}.Debug|Any CPU.ActiveCfg = Debug|Any CPU
		{F0083524-F4E0-488F-A515-C20A290962DD}.Debug|Any CPU.Build.0 = Debug|Any CPU
		{F0083524-F4E0-488F-A515-C20A290962DD}.Release|Any CPU.ActiveCfg = Release|Any CPU
		{F0083524-F4E0-488F-A515-C20A290962DD}.Release|Any CPU.Build.0 = Release|Any CPU
		{ABBFF8B2-E3FE-4A0C-B527-5F64DAA5E36F}.Debug|Any CPU.ActiveCfg = Debug|Any CPU
		{ABBFF8B2-E3FE-4A0C-B527-5F64DAA5E36F}.Debug|Any CPU.Build.0 = Debug|Any CPU
		{ABBFF8B2-E3FE-4A0C-B527-5F64DAA5E36F}.Release|Any CPU.ActiveCfg = Release|Any CPU
		{ABBFF8B2-E3FE-4A0C-B527-5F64DAA5E36F}.Release|Any CPU.Build.0 = Release|Any CPU
		{50A3AE1A-E17B-4969-8457-355D6EC38702}.Debug|Any CPU.ActiveCfg = Debug|Any CPU
		{50A3AE1A-E17B-4969-8457-355D6EC38702}.Debug|Any CPU.Build.0 = Debug|Any CPU
		{50A3AE1A-E17B-4969-8457-355D6EC38702}.Release|Any CPU.ActiveCfg = Release|Any CPU
		{50A3AE1A-E17B-4969-8457-355D6EC38702}.Release|Any CPU.Build.0 = Release|Any CPU
		{B89AAF60-B0EE-4E58-B8FF-0E29ECF633B6}.Debug|Any CPU.ActiveCfg = Debug|Any CPU
		{B89AAF60-B0EE-4E58-B8FF-0E29ECF633B6}.Debug|Any CPU.Build.0 = Debug|Any CPU
		{B89AAF60-B0EE-4E58-B8FF-0E29ECF633B6}.Release|Any CPU.ActiveCfg = Release|Any CPU
		{B89AAF60-B0EE-4E58-B8FF-0E29ECF633B6}.Release|Any CPU.Build.0 = Release|Any CPU
		{055F256D-DA9E-4892-A45D-FE417D5C7688}.Debug|Any CPU.ActiveCfg = Debug|Any CPU
		{055F256D-DA9E-4892-A45D-FE417D5C7688}.Debug|Any CPU.Build.0 = Debug|Any CPU
		{055F256D-DA9E-4892-A45D-FE417D5C7688}.Release|Any CPU.ActiveCfg = Release|Any CPU
		{055F256D-DA9E-4892-A45D-FE417D5C7688}.Release|Any CPU.Build.0 = Release|Any CPU
		{3B5C02F5-B84D-418B-8010-AF01F4B2C375}.Debug|Any CPU.ActiveCfg = Debug|Any CPU
		{3B5C02F5-B84D-418B-8010-AF01F4B2C375}.Debug|Any CPU.Build.0 = Debug|Any CPU
		{3B5C02F5-B84D-418B-8010-AF01F4B2C375}.Release|Any CPU.ActiveCfg = Release|Any CPU
		{3B5C02F5-B84D-418B-8010-AF01F4B2C375}.Release|Any CPU.Build.0 = Release|Any CPU
		{78212142-D025-474A-9585-B7993B74D998}.Debug|Any CPU.ActiveCfg = Debug|Any CPU
		{78212142-D025-474A-9585-B7993B74D998}.Debug|Any CPU.Build.0 = Debug|Any CPU
		{78212142-D025-474A-9585-B7993B74D998}.Release|Any CPU.ActiveCfg = Release|Any CPU
		{78212142-D025-474A-9585-B7993B74D998}.Release|Any CPU.Build.0 = Release|Any CPU
		{7F5F153F-7132-4423-BA8A-D75739BED9C2}.Debug|Any CPU.ActiveCfg = Debug|Any CPU
		{7F5F153F-7132-4423-BA8A-D75739BED9C2}.Debug|Any CPU.Build.0 = Debug|Any CPU
		{7F5F153F-7132-4423-BA8A-D75739BED9C2}.Release|Any CPU.ActiveCfg = Release|Any CPU
		{7F5F153F-7132-4423-BA8A-D75739BED9C2}.Release|Any CPU.Build.0 = Release|Any CPU
	EndGlobalSection
	GlobalSection(SolutionProperties) = preSolution
		HideSolutionNode = FALSE
	EndGlobalSection
	GlobalSection(NestedProjects) = preSolution
		{F0083524-F4E0-488F-A515-C20A290962DD} = {51C4D1F8-710B-465C-984E-DD2BAD1D04E6}
		{ABBFF8B2-E3FE-4A0C-B527-5F64DAA5E36F} = {D9C8F845-9115-4234-BBFE-966643D5B260}
		{50A3AE1A-E17B-4969-8457-355D6EC38702} = {5782C075-E085-419E-806A-0F1ACCA2189A}
		{B89AAF60-B0EE-4E58-B8FF-0E29ECF633B6} = {7671AA3D-8237-4E8C-9729-7A62622E850F}
		{055F256D-DA9E-4892-A45D-FE417D5C7688} = {FC736153-1294-4B66-9362-706BE3D211CF}
		{3B5C02F5-B84D-418B-8010-AF01F4B2C375} = {2355538E-5270-4772-B518-370F3AE1285E}
		{78212142-D025-474A-9585-B7993B74D998} = {5D6E2CF3-5D66-4C34-9078-A80277042AC2}
		{7F5F153F-7132-4423-BA8A-D75739BED9C2} = {D8B366F7-6921-4FF1-8A44-403846484AB6}
	EndGlobalSection
	GlobalSection(ExtensibilityGlobals) = postSolution
		SolutionGuid = {36A8C5F4-BE85-4A83-AFBC-7201199D0B02}
	EndGlobalSection
EndGlobal
